
Microsoft Visual Studio Solution File, Format Version 12.00
# Visual Studio 2012
Project("{FAE04EC0-301F-11D3-BF4B-00C04F79EFBC}") = "TradingPostNotifier", "TradingPostNotifier\TradingPostNotifier.csproj", "{C42B54F9-1370-4C76-B819-9D11D504BBAA}"
EndProject
Project("{FAE04EC0-301F-11D3-BF4B-00C04F79EFBC}") = "LibraryBaseWpf", "..\LibraryBaseWpf\LibraryBaseWpf.csproj", "{6970FA5A-5ACA-46F9-8EE3-B1E256FBB463}"
EndProject
Project("{FAE04EC0-301F-11D3-BF4B-00C04F79EFBC}") = "ZicoresUtils", "..\ZicoresUtils\ZicoresUtils.csproj", "{A54E2798-EE37-4418-89C7-8B2A1B85D73C}"
EndProject
Project("{FAE04EC0-301F-11D3-BF4B-00C04F79EFBC}") = "NotifierCore", "..\NotifierCore\NotifierCore.csproj", "{874187A5-8B44-4988-9DDE-D0A9A38D7E88}"
EndProject
Project("{2150E333-8FDC-42A3-9474-1A3956D46DE8}") = "Solution Items", "Solution Items", "{67154198-24E0-4F74-876C-A071CBEA85A1}"
	ProjectSection(SolutionItems) = preProject
		SharedAssemblyInfo.cs = SharedAssemblyInfo.cs
	EndProjectSection
EndProject
Project("{2150E333-8FDC-42A3-9474-1A3956D46DE8}") = "Libraries", "Libraries", "{2C242302-52F8-49E8-8B52-30C427AFA14E}"
EndProject
Project("{FAE04EC0-301F-11D3-BF4B-00C04F79EFBC}") = "DatabaseGenerator", "DatabaseGenerator\DatabaseGenerator.csproj", "{D9DB284B-14BB-4E12-8372-36D86E07AE8B}"
EndProject
Global
	GlobalSection(SolutionConfigurationPlatforms) = preSolution
		Debug|Any CPU = Debug|Any CPU
		Debug|Mixed Platforms = Debug|Mixed Platforms
		Debug|x86 = Debug|x86
		Release|Any CPU = Release|Any CPU
		Release|Mixed Platforms = Release|Mixed Platforms
		Release|x86 = Release|x86
	EndGlobalSection
	GlobalSection(ProjectConfigurationPlatforms) = postSolution
		{C42B54F9-1370-4C76-B819-9D11D504BBAA}.Debug|Any CPU.ActiveCfg = Debug|x86
		{C42B54F9-1370-4C76-B819-9D11D504BBAA}.Debug|Mixed Platforms.ActiveCfg = Debug|x86
		{C42B54F9-1370-4C76-B819-9D11D504BBAA}.Debug|Mixed Platforms.Build.0 = Debug|x86
		{C42B54F9-1370-4C76-B819-9D11D504BBAA}.Debug|x86.ActiveCfg = Debug|x86
		{C42B54F9-1370-4C76-B819-9D11D504BBAA}.Debug|x86.Build.0 = Debug|x86
		{C42B54F9-1370-4C76-B819-9D11D504BBAA}.Release|Any CPU.ActiveCfg = Release|x86
		{C42B54F9-1370-4C76-B819-9D11D504BBAA}.Release|Mixed Platforms.ActiveCfg = Release|x86
		{C42B54F9-1370-4C76-B819-9D11D504BBAA}.Release|Mixed Platforms.Build.0 = Release|x86
		{C42B54F9-1370-4C76-B819-9D11D504BBAA}.Release|x86.ActiveCfg = Release|x86
		{C42B54F9-1370-4C76-B819-9D11D504BBAA}.Release|x86.Build.0 = Release|x86
		{6970FA5A-5ACA-46F9-8EE3-B1E256FBB463}.Debug|Any CPU.ActiveCfg = Debug|Any CPU
		{6970FA5A-5ACA-46F9-8EE3-B1E256FBB463}.Debug|Any CPU.Build.0 = Debug|Any CPU
		{6970FA5A-5ACA-46F9-8EE3-B1E256FBB463}.Debug|Mixed Platforms.ActiveCfg = Debug|Any CPU
		{6970FA5A-5ACA-46F9-8EE3-B1E256FBB463}.Debug|Mixed Platforms.Build.0 = Debug|Any CPU
		{6970FA5A-5ACA-46F9-8EE3-B1E256FBB463}.Debug|x86.ActiveCfg = Debug|Any CPU
		{6970FA5A-5ACA-46F9-8EE3-B1E256FBB463}.Release|Any CPU.ActiveCfg = Release|Any CPU
		{6970FA5A-5ACA-46F9-8EE3-B1E256FBB463}.Release|Any CPU.Build.0 = Release|Any CPU
		{6970FA5A-5ACA-46F9-8EE3-B1E256FBB463}.Release|Mixed Platforms.ActiveCfg = Release|Any CPU
		{6970FA5A-5ACA-46F9-8EE3-B1E256FBB463}.Release|Mixed Platforms.Build.0 = Release|Any CPU
		{6970FA5A-5ACA-46F9-8EE3-B1E256FBB463}.Release|x86.ActiveCfg = Release|Any CPU
		{A54E2798-EE37-4418-89C7-8B2A1B85D73C}.Debug|Any CPU.ActiveCfg = Debug|Any CPU
		{A54E2798-EE37-4418-89C7-8B2A1B85D73C}.Debug|Any CPU.Build.0 = Debug|Any CPU
		{A54E2798-EE37-4418-89C7-8B2A1B85D73C}.Debug|Mixed Platforms.ActiveCfg = Debug|Any CPU
		{A54E2798-EE37-4418-89C7-8B2A1B85D73C}.Debug|Mixed Platforms.Build.0 = Debug|Any CPU
		{A54E2798-EE37-4418-89C7-8B2A1B85D73C}.Debug|x86.ActiveCfg = Debug|Any CPU
		{A54E2798-EE37-4418-89C7-8B2A1B85D73C}.Release|Any CPU.ActiveCfg = Release|Any CPU
		{A54E2798-EE37-4418-89C7-8B2A1B85D73C}.Release|Any CPU.Build.0 = Release|Any CPU
		{A54E2798-EE37-4418-89C7-8B2A1B85D73C}.Release|Mixed Platforms.ActiveCfg = Release|Any CPU
		{A54E2798-EE37-4418-89C7-8B2A1B85D73C}.Release|Mixed Platforms.Build.0 = Release|Any CPU
		{A54E2798-EE37-4418-89C7-8B2A1B85D73C}.Release|x86.ActiveCfg = Release|Any CPU
		{874187A5-8B44-4988-9DDE-D0A9A38D7E88}.Debug|Any CPU.ActiveCfg = Debug|x86
		{874187A5-8B44-4988-9DDE-D0A9A38D7E88}.Debug|Mixed Platforms.ActiveCfg = Debug|x86
		{874187A5-8B44-4988-9DDE-D0A9A38D7E88}.Debug|Mixed Platforms.Build.0 = Debug|x86
		{874187A5-8B44-4988-9DDE-D0A9A38D7E88}.Debug|x86.ActiveCfg = Debug|x86
		{874187A5-8B44-4988-9DDE-D0A9A38D7E88}.Debug|x86.Build.0 = Debug|x86
		{874187A5-8B44-4988-9DDE-D0A9A38D7E88}.Release|Any CPU.ActiveCfg = Release|x86
		{874187A5-8B44-4988-9DDE-D0A9A38D7E88}.Release|Mixed Platforms.ActiveCfg = Release|x86
		{874187A5-8B44-4988-9DDE-D0A9A38D7E88}.Release|Mixed Platforms.Build.0 = Release|x86
		{874187A5-8B44-4988-9DDE-D0A9A38D7E88}.Release|x86.ActiveCfg = Release|x86
		{874187A5-8B44-4988-9DDE-D0A9A38D7E88}.Release|x86.Build.0 = Release|x86
		{D9DB284B-14BB-4E12-8372-36D86E07AE8B}.Debug|Any CPU.ActiveCfg = Debug|Any CPU
		{D9DB284B-14BB-4E12-8372-36D86E07AE8B}.Debug|Any CPU.Build.0 = Debug|Any CPU
		{D9DB284B-14BB-4E12-8372-36D86E07AE8B}.Debug|Mixed Platforms.ActiveCfg = Debug|Any CPU
		{D9DB284B-14BB-4E12-8372-36D86E07AE8B}.Debug|Mixed Platforms.Build.0 = Debug|Any CPU
		{D9DB284B-14BB-4E12-8372-36D86E07AE8B}.Debug|x86.ActiveCfg = Debug|Any CPU
		{D9DB284B-14BB-4E12-8372-36D86E07AE8B}.Release|Any CPU.ActiveCfg = Release|Any CPU
		{D9DB284B-14BB-4E12-8372-36D86E07AE8B}.Release|Any CPU.Build.0 = Release|Any CPU
		{D9DB284B-14BB-4E12-8372-36D86E07AE8B}.Release|Mixed Platforms.ActiveCfg = Release|Any CPU
		{D9DB284B-14BB-4E12-8372-36D86E07AE8B}.Release|Mixed Platforms.Build.0 = Release|Any CPU
		{D9DB284B-14BB-4E12-8372-36D86E07AE8B}.Release|x86.ActiveCfg = Release|Any CPU
	EndGlobalSection
	GlobalSection(SolutionProperties) = preSolution
		HideSolutionNode = FALSE
	EndGlobalSection
EndGlobal
